
Microsoft Visual Studio Solution File, Format Version 12.00
# Visual Studio Express 2012 for Web
Project("{FAE04EC0-301F-11D3-BF4B-00C04F79EFBC}") = "Scrambler", "Scrambler.csproj", "{4331B237-C21C-4C89-A20A-B0A3F77A630C}"
EndProject
Global
	GlobalSection(SolutionConfigurationPlatforms) = preSolution
		Debug|Any CPU = Debug|Any CPU
		Release|Any CPU = Release|Any CPU
	EndGlobalSection
	GlobalSection(ProjectConfigurationPlatforms) = postSolution
		{4331B237-C21C-4C89-A20A-B0A3F77A630C}.Debug|Any CPU.ActiveCfg = Debug|Any CPU
		{4331B237-C21C-4C89-A20A-B0A3F77A630C}.Debug|Any CPU.Build.0 = Debug|Any CPU
		{4331B237-C21C-4C89-A20A-B0A3F77A630C}.Release|Any CPU.ActiveCfg = Release|Any CPU
		{4331B237-C21C-4C89-A20A-B0A3F77A630C}.Release|Any CPU.Build.0 = Release|Any CPU
	EndGlobalSection
	GlobalSection(SolutionProperties) = preSolution
		HideSolutionNode = FALSE
	EndGlobalSection
EndGlobal
